// !$*UTF8*$!
{
	archiveVersion = 1;
	classes = {
	};
	objectVersion = 56;
	objects = {

/* Begin PBXBuildFile section */
		959E3D63294006030072E65F /* gomiApp_1207App.swift in Sources */ = {isa = PBXBuildFile; fileRef = 959E3D62294006030072E65F /* gomiApp_1207App.swift */; };
		959E3D65294006030072E65F /* ContentView.swift in Sources */ = {isa = PBXBuildFile; fileRef = 959E3D64294006030072E65F /* ContentView.swift */; };
		959E3D67294006050072E65F /* Assets.xcassets in Resources */ = {isa = PBXBuildFile; fileRef = 959E3D66294006050072E65F /* Assets.xcassets */; };
		959E3D6A294006050072E65F /* Preview Assets.xcassets in Resources */ = {isa = PBXBuildFile; fileRef = 959E3D69294006050072E65F /* Preview Assets.xcassets */; };
		959E3D74294006050072E65F /* gomiApp_1207Tests.swift in Sources */ = {isa = PBXBuildFile; fileRef = 959E3D73294006050072E65F /* gomiApp_1207Tests.swift */; };
		959E3D7E294006050072E65F /* gomiApp_1207UITests.swift in Sources */ = {isa = PBXBuildFile; fileRef = 959E3D7D294006050072E65F /* gomiApp_1207UITests.swift */; };
		959E3D80294006050072E65F /* gomiApp_1207UITestsLaunchTests.swift in Sources */ = {isa = PBXBuildFile; fileRef = 959E3D7F294006050072E65F /* gomiApp_1207UITestsLaunchTests.swift */; };
		959E3D8D29400AE40072E65F /* Category.swift in Sources */ = {isa = PBXBuildFile; fileRef = 959E3D8C29400AE40072E65F /* Category.swift */; };
		959E3D8F29400CEB0072E65F /* InputView.swift in Sources */ = {isa = PBXBuildFile; fileRef = 959E3D8E29400CEB0072E65F /* InputView.swift */; };
/* End PBXBuildFile section */

/* Begin PBXContainerItemProxy section */
		959E3D70294006050072E65F /* PBXContainerItemProxy */ = {
			isa = PBXContainerItemProxy;
			containerPortal = 959E3D57294006030072E65F /* Project object */;
			proxyType = 1;
			remoteGlobalIDString = 959E3D5E294006030072E65F;
			remoteInfo = "gomiApp-1207";
		};
		959E3D7A294006050072E65F /* PBXContainerItemProxy */ = {
			isa = PBXContainerItemProxy;
			containerPortal = 959E3D57294006030072E65F /* Project object */;
			proxyType = 1;
			remoteGlobalIDString = 959E3D5E294006030072E65F;
			remoteInfo = "gomiApp-1207";
		};
/* End PBXContainerItemProxy section */

/* Begin PBXFileReference section */
		959E3D5F294006030072E65F /* gomiApp-1207.app */ = {isa = PBXFileReference; explicitFileType = wrapper.application; includeInIndex = 0; path = "gomiApp-1207.app"; sourceTree = BUILT_PRODUCTS_DIR; };
		959E3D62294006030072E65F /* gomiApp_1207App.swift */ = {isa = PBXFileReference; lastKnownFileType = sourcecode.swift; path = gomiApp_1207App.swift; sourceTree = "<group>"; };
		959E3D64294006030072E65F /* ContentView.swift */ = {isa = PBXFileReference; lastKnownFileType = sourcecode.swift; path = ContentView.swift; sourceTree = "<group>"; };
		959E3D66294006050072E65F /* Assets.xcassets */ = {isa = PBXFileReference; lastKnownFileType = folder.assetcatalog; path = Assets.xcassets; sourceTree = "<group>"; };
		959E3D69294006050072E65F /* Preview Assets.xcassets */ = {isa = PBXFileReference; lastKnownFileType = folder.assetcatalog; path = "Preview Assets.xcassets"; sourceTree = "<group>"; };
		959E3D6F294006050072E65F /* gomiApp-1207Tests.xctest */ = {isa = PBXFileReference; explicitFileType = wrapper.cfbundle; includeInIndex = 0; path = "gomiApp-1207Tests.xctest"; sourceTree = BUILT_PRODUCTS_DIR; };
		959E3D73294006050072E65F /* gomiApp_1207Tests.swift */ = {isa = PBXFileReference; lastKnownFileType = sourcecode.swift; path = gomiApp_1207Tests.swift; sourceTree = "<group>"; };
		959E3D79294006050072E65F /* gomiApp-1207UITests.xctest */ = {isa = PBXFileReference; explicitFileType = wrapper.cfbundle; includeInIndex = 0; path = "gomiApp-1207UITests.xctest"; sourceTree = BUILT_PRODUCTS_DIR; };
		959E3D7D294006050072E65F /* gomiApp_1207UITests.swift */ = {isa = PBXFileReference; lastKnownFileType = sourcecode.swift; path = gomiApp_1207UITests.swift; sourceTree = "<group>"; };
		959E3D7F294006050072E65F /* gomiApp_1207UITestsLaunchTests.swift */ = {isa = PBXFileReference; lastKnownFileType = sourcecode.swift; path = gomiApp_1207UITestsLaunchTests.swift; sourceTree = "<group>"; };
		959E3D8C29400AE40072E65F /* Category.swift */ = {isa = PBXFileReference; lastKnownFileType = sourcecode.swift; path = Category.swift; sourceTree = "<group>"; };
		959E3D8E29400CEB0072E65F /* InputView.swift */ = {isa = PBXFileReference; lastKnownFileType = sourcecode.swift; path = InputView.swift; sourceTree = "<group>"; };
/* End PBXFileReference section */

/* Begin PBXFrameworksBuildPhase section */
		959E3D5C294006030072E65F /* Frameworks */ = {
			isa = PBXFrameworksBuildPhase;
			buildActionMask = 2147483647;
			files = (
			);
			runOnlyForDeploymentPostprocessing = 0;
		};
		959E3D6C294006050072E65F /* Frameworks */ = {
			isa = PBXFrameworksBuildPhase;
			buildActionMask = 2147483647;
			files = (
			);
			runOnlyForDeploymentPostprocessing = 0;
		};
		959E3D76294006050072E65F /* Frameworks */ = {
			isa = PBXFrameworksBuildPhase;
			buildActionMask = 2147483647;
			files = (
			);
			runOnlyForDeploymentPostprocessing = 0;
		};
/* End PBXFrameworksBuildPhase section */

/* Begin PBXGroup section */
		959E3D56294006030072E65F = {
			isa = PBXGroup;
			children = (
				959E3D61294006030072E65F /* gomiApp-1207 */,
				959E3D72294006050072E65F /* gomiApp-1207Tests */,
				959E3D7C294006050072E65F /* gomiApp-1207UITests */,
				959E3D60294006030072E65F /* Products */,
			);
			sourceTree = "<group>";
		};
		959E3D60294006030072E65F /* Products */ = {
			isa = PBXGroup;
			children = (
				959E3D5F294006030072E65F /* gomiApp-1207.app */,
				959E3D6F294006050072E65F /* gomiApp-1207Tests.xctest */,
				959E3D79294006050072E65F /* gomiApp-1207UITests.xctest */,
			);
			name = Products;
			sourceTree = "<group>";
		};
		959E3D61294006030072E65F /* gomiApp-1207 */ = {
			isa = PBXGroup;
			children = (
				959E3D62294006030072E65F /* gomiApp_1207App.swift */,
				959E3D64294006030072E65F /* ContentView.swift */,
				959E3D66294006050072E65F /* Assets.xcassets */,
				959E3D8E29400CEB0072E65F /* InputView.swift */,
				959E3D68294006050072E65F /* Preview Content */,
				959E3D8C29400AE40072E65F /* Category.swift */,
			);
			path = "gomiApp-1207";
			sourceTree = "<group>";
		};
		959E3D68294006050072E65F /* Preview Content */ = {
			isa = PBXGroup;
			children = (
				959E3D69294006050072E65F /* Preview Assets.xcassets */,
			);
			path = "Preview Content";
			sourceTree = "<group>";
		};
		959E3D72294006050072E65F /* gomiApp-1207Tests */ = {
			isa = PBXGroup;
			children = (
				959E3D73294006050072E65F /* gomiApp_1207Tests.swift */,
			);
			path = "gomiApp-1207Tests";
			sourceTree = "<group>";
		};
		959E3D7C294006050072E65F /* gomiApp-1207UITests */ = {
			isa = PBXGroup;
			children = (
				959E3D7D294006050072E65F /* gomiApp_1207UITests.swift */,
				959E3D7F294006050072E65F /* gomiApp_1207UITestsLaunchTests.swift */,
			);
			path = "gomiApp-1207UITests";
			sourceTree = "<group>";
		};
/* End PBXGroup section */

/* Begin PBXNativeTarget section */
		959E3D5E294006030072E65F /* gomiApp-1207 */ = {
			isa = PBXNativeTarget;
			buildConfigurationList = 959E3D83294006050072E65F /* Build configuration list for PBXNativeTarget "gomiApp-1207" */;
			buildPhases = (
				959E3D5B294006030072E65F /* Sources */,
				959E3D5C294006030072E65F /* Frameworks */,
				959E3D5D294006030072E65F /* Resources */,
			);
			buildRules = (
			);
			dependencies = (
			);
			name = "gomiApp-1207";
			productName = "gomiApp-1207";
			productReference = 959E3D5F294006030072E65F /* gomiApp-1207.app */;
			productType = "com.apple.product-type.application";
		};
		959E3D6E294006050072E65F /* gomiApp-1207Tests */ = {
			isa = PBXNativeTarget;
			buildConfigurationList = 959E3D86294006050072E65F /* Build configuration list for PBXNativeTarget "gomiApp-1207Tests" */;
			buildPhases = (
				959E3D6B294006050072E65F /* Sources */,
				959E3D6C294006050072E65F /* Frameworks */,
				959E3D6D294006050072E65F /* Resources */,
			);
			buildRules = (
			);
			dependencies = (
				959E3D71294006050072E65F /* PBXTargetDependency */,
			);
			name = "gomiApp-1207Tests";
			productName = "gomiApp-1207Tests";
			productReference = 959E3D6F294006050072E65F /* gomiApp-1207Tests.xctest */;
			productType = "com.apple.product-type.bundle.unit-test";
		};
		959E3D78294006050072E65F /* gomiApp-1207UITests */ = {
			isa = PBXNativeTarget;
			buildConfigurationList = 959E3D89294006050072E65F /* Build configuration list for PBXNativeTarget "gomiApp-1207UITests" */;
			buildPhases = (
				959E3D75294006050072E65F /* Sources */,
				959E3D76294006050072E65F /* Frameworks */,
				959E3D77294006050072E65F /* Resources */,
			);
			buildRules = (
			);
			dependencies = (
				959E3D7B294006050072E65F /* PBXTargetDependency */,
			);
			name = "gomiApp-1207UITests";
			productName = "gomiApp-1207UITests";
			productReference = 959E3D79294006050072E65F /* gomiApp-1207UITests.xctest */;
			productType = "com.apple.product-type.bundle.ui-testing";
		};
/* End PBXNativeTarget section */

/* Begin PBXProject section */
		959E3D57294006030072E65F /* Project object */ = {
			isa = PBXProject;
			attributes = {
				BuildIndependentTargetsInParallel = 1;
				LastSwiftUpdateCheck = 1410;
				LastUpgradeCheck = 1410;
				TargetAttributes = {
					959E3D5E294006030072E65F = {
						CreatedOnToolsVersion = 14.1;
					};
					959E3D6E294006050072E65F = {
						CreatedOnToolsVersion = 14.1;
						TestTargetID = 959E3D5E294006030072E65F;
					};
					959E3D78294006050072E65F = {
						CreatedOnToolsVersion = 14.1;
						TestTargetID = 959E3D5E294006030072E65F;
					};
				};
			};
			buildConfigurationList = 959E3D5A294006030072E65F /* Build configuration list for PBXProject "gomiApp-1207" */;
			compatibilityVersion = "Xcode 14.0";
			developmentRegion = en;
			hasScannedForEncodings = 0;
			knownRegions = (
				en,
				Base,
			);
			mainGroup = 959E3D56294006030072E65F;
			productRefGroup = 959E3D60294006030072E65F /* Products */;
			projectDirPath = "";
			projectRoot = "";
			targets = (
				959E3D5E294006030072E65F /* gomiApp-1207 */,
				959E3D6E294006050072E65F /* gomiApp-1207Tests */,
				959E3D78294006050072E65F /* gomiApp-1207UITests */,
			);
		};
/* End PBXProject section */

/* Begin PBXResourcesBuildPhase section */
		959E3D5D294006030072E65F /* Resources */ = {
			isa = PBXResourcesBuildPhase;
			buildActionMask = 2147483647;
			files = (
				959E3D6A294006050072E65F /* Preview Assets.xcassets in Resources */,
				959E3D67294006050072E65F /* Assets.xcassets in Resources */,
			);
			runOnlyForDeploymentPostprocessing = 0;
		};
		959E3D6D294006050072E65F /* Resources */ = {
			isa = PBXResourcesBuildPhase;
			buildActionMask = 2147483647;
			files = (
			);
			runOnlyForDeploymentPostprocessing = 0;
		};
		959E3D77294006050072E65F /* Resources */ = {
			isa = PBXResourcesBuildPhase;
			buildActionMask = 2147483647;
			files = (
			);
			runOnlyForDeploymentPostprocessing = 0;
		};
/* End PBXResourcesBuildPhase section */

/* Begin PBXSourcesBuildPhase section */
		959E3D5B294006030072E65F /* Sources */ = {
			isa = PBXSourcesBuildPhase;
			buildActionMask = 2147483647;
			files = (
				959E3D65294006030072E65F /* ContentView.swift in Sources */,
				959E3D8F29400CEB0072E65F /* InputView.swift in Sources */,
				959E3D63294006030072E65F /* gomiApp_1207App.swift in Sources */,
				959E3D8D29400AE40072E65F /* Category.swift in Sources */,
			);
			runOnlyForDeploymentPostprocessing = 0;
		};
		959E3D6B294006050072E65F /* Sources */ = {
			isa = PBXSourcesBuildPhase;
			buildActionMask = 2147483647;
			files = (
				959E3D74294006050072E65F /* gomiApp_1207Tests.swift in Sources */,
			);
			runOnlyForDeploymentPostprocessing = 0;
		};
		959E3D75294006050072E65F /* Sources */ = {
			isa = PBXSourcesBuildPhase;
			buildActionMask = 2147483647;
			files = (
				959E3D80294006050072E65F /* gomiApp_1207UITestsLaunchTests.swift in Sources */,
				959E3D7E294006050072E65F /* gomiApp_1207UITests.swift in Sources */,
			);
			runOnlyForDeploymentPostprocessing = 0;
		};
/* End PBXSourcesBuildPhase section */

/* Begin PBXTargetDependency section */
		959E3D71294006050072E65F /* PBXTargetDependency */ = {
			isa = PBXTargetDependency;
			target = 959E3D5E294006030072E65F /* gomiApp-1207 */;
			targetProxy = 959E3D70294006050072E65F /* PBXContainerItemProxy */;
		};
		959E3D7B294006050072E65F /* PBXTargetDependency */ = {
			isa = PBXTargetDependency;
			target = 959E3D5E294006030072E65F /* gomiApp-1207 */;
			targetProxy = 959E3D7A294006050072E65F /* PBXContainerItemProxy */;
		};
/* End PBXTargetDependency section */

/* Begin XCBuildConfiguration section */
		959E3D81294006050072E65F /* Debug */ = {
			isa = XCBuildConfiguration;
			buildSettings = {
				ALWAYS_SEARCH_USER_PATHS = NO;
				CLANG_ANALYZER_NONNULL = YES;
				CLANG_ANALYZER_NUMBER_OBJECT_CONVERSION = YES_AGGRESSIVE;
				CLANG_CXX_LANGUAGE_STANDARD = "gnu++20";
				CLANG_ENABLE_MODULES = YES;
				CLANG_ENABLE_OBJC_ARC = YES;
				CLANG_ENABLE_OBJC_WEAK = YES;
				CLANG_WARN_BLOCK_CAPTURE_AUTORELEASING = YES;
				CLANG_WARN_BOOL_CONVERSION = YES;
				CLANG_WARN_COMMA = YES;
				CLANG_WARN_CONSTANT_CONVERSION = YES;
				CLANG_WARN_DEPRECATED_OBJC_IMPLEMENTATIONS = YES;
				CLANG_WARN_DIRECT_OBJC_ISA_USAGE = YES_ERROR;
				CLANG_WARN_DOCUMENTATION_COMMENTS = YES;
				CLANG_WARN_EMPTY_BODY = YES;
				CLANG_WARN_ENUM_CONVERSION = YES;
				CLANG_WARN_INFINITE_RECURSION = YES;
				CLANG_WARN_INT_CONVERSION = YES;
				CLANG_WARN_NON_LITERAL_NULL_CONVERSION = YES;
				CLANG_WARN_OBJC_IMPLICIT_RETAIN_SELF = YES;
				CLANG_WARN_OBJC_LITERAL_CONVERSION = YES;
				CLANG_WARN_OBJC_ROOT_CLASS = YES_ERROR;
				CLANG_WARN_QUOTED_INCLUDE_IN_FRAMEWORK_HEADER = YES;
				CLANG_WARN_RANGE_LOOP_ANALYSIS = YES;
				CLANG_WARN_STRICT_PROTOTYPES = YES;
				CLANG_WARN_SUSPICIOUS_MOVE = YES;
				CLANG_WARN_UNGUARDED_AVAILABILITY = YES_AGGRESSIVE;
				CLANG_WARN_UNREACHABLE_CODE = YES;
				CLANG_WARN__DUPLICATE_METHOD_MATCH = YES;
				COPY_PHASE_STRIP = NO;
				DEBUG_INFORMATION_FORMAT = dwarf;
				ENABLE_STRICT_OBJC_MSGSEND = YES;
				ENABLE_TESTABILITY = YES;
				GCC_C_LANGUAGE_STANDARD = gnu11;
				GCC_DYNAMIC_NO_PIC = NO;
				GCC_NO_COMMON_BLOCKS = YES;
				GCC_OPTIMIZATION_LEVEL = 0;
				GCC_PREPROCESSOR_DEFINITIONS = (
					"DEBUG=1",
					"$(inherited)",
				);
				GCC_WARN_64_TO_32_BIT_CONVERSION = YES;
				GCC_WARN_ABOUT_RETURN_TYPE = YES_ERROR;
				GCC_WARN_UNDECLARED_SELECTOR = YES;
				GCC_WARN_UNINITIALIZED_AUTOS = YES_AGGRESSIVE;
				GCC_WARN_UNUSED_FUNCTION = YES;
				GCC_WARN_UNUSED_VARIABLE = YES;
				IPHONEOS_DEPLOYMENT_TARGET = 16.1;
				MTL_ENABLE_DEBUG_INFO = INCLUDE_SOURCE;
				MTL_FAST_MATH = YES;
				ONLY_ACTIVE_ARCH = YES;
				SDKROOT = iphoneos;
				SWIFT_ACTIVE_COMPILATION_CONDITIONS = DEBUG;
				SWIFT_OPTIMIZATION_LEVEL = "-Onone";
			};
			name = Debug;
		};
		959E3D82294006050072E65F /* Release */ = {
			isa = XCBuildConfiguration;
			buildSettings = {
				ALWAYS_SEARCH_USER_PATHS = NO;
				CLANG_ANALYZER_NONNULL = YES;
				CLANG_ANALYZER_NUMBER_OBJECT_CONVERSION = YES_AGGRESSIVE;
				CLANG_CXX_LANGUAGE_STANDARD = "gnu++20";
				CLANG_ENABLE_MODULES = YES;
				CLANG_ENABLE_OBJC_ARC = YES;
				CLANG_ENABLE_OBJC_WEAK = YES;
				CLANG_WARN_BLOCK_CAPTURE_AUTORELEASING = YES;
				CLANG_WARN_BOOL_CONVERSION = YES;
				CLANG_WARN_COMMA = YES;
				CLANG_WARN_CONSTANT_CONVERSION = YES;
				CLANG_WARN_DEPRECATED_OBJC_IMPLEMENTATIONS = YES;
				CLANG_WARN_DIRECT_OBJC_ISA_USAGE = YES_ERROR;
				CLANG_WARN_DOCUMENTATION_COMMENTS = YES;
				CLANG_WARN_EMPTY_BODY = YES;
				CLANG_WARN_ENUM_CONVERSION = YES;
				CLANG_WARN_INFINITE_RECURSION = YES;
				CLANG_WARN_INT_CONVERSION = YES;
				CLANG_WARN_NON_LITERAL_NULL_CONVERSION = YES;
				CLANG_WARN_OBJC_IMPLICIT_RETAIN_SELF = YES;
				CLANG_WARN_OBJC_LITERAL_CONVERSION = YES;
				CLANG_WARN_OBJC_ROOT_CLASS = YES_ERROR;
				CLANG_WARN_QUOTED_INCLUDE_IN_FRAMEWORK_HEADER = YES;
				CLANG_WARN_RANGE_LOOP_ANALYSIS = YES;
				CLANG_WARN_STRICT_PROTOTYPES = YES;
				CLANG_WARN_SUSPICIOUS_MOVE = YES;
				CLANG_WARN_UNGUARDED_AVAILABILITY = YES_AGGRESSIVE;
				CLANG_WARN_UNREACHABLE_CODE = YES;
				CLANG_WARN__DUPLICATE_METHOD_MATCH = YES;
				COPY_PHASE_STRIP = NO;
				DEBUG_INFORMATION_FORMAT = "dwarf-with-dsym";
				ENABLE_NS_ASSERTIONS = NO;
				ENABLE_STRICT_OBJC_MSGSEND = YES;
				GCC_C_LANGUAGE_STANDARD = gnu11;
				GCC_NO_COMMON_BLOCKS = YES;
				GCC_WARN_64_TO_32_BIT_CONVERSION = YES;
				GCC_WARN_ABOUT_RETURN_TYPE = YES_ERROR;
				GCC_WARN_UNDECLARED_SELECTOR = YES;
				GCC_WARN_UNINITIALIZED_AUTOS = YES_AGGRESSIVE;
				GCC_WARN_UNUSED_FUNCTION = YES;
				GCC_WARN_UNUSED_VARIABLE = YES;
				IPHONEOS_DEPLOYMENT_TARGET = 16.1;
				MTL_ENABLE_DEBUG_INFO = NO;
				MTL_FAST_MATH = YES;
				SDKROOT = iphoneos;
				SWIFT_COMPILATION_MODE = wholemodule;
				SWIFT_OPTIMIZATION_LEVEL = "-O";
				VALIDATE_PRODUCT = YES;
			};
			name = Release;
		};
		959E3D84294006050072E65F /* Debug */ = {
			isa = XCBuildConfiguration;
			buildSettings = {
				ASSETCATALOG_COMPILER_APPICON_NAME = AppIcon;
				ASSETCATALOG_COMPILER_GLOBAL_ACCENT_COLOR_NAME = AccentColor;
				CODE_SIGN_STYLE = Automatic;
				CURRENT_PROJECT_VERSION = 1;
				DEVELOPMENT_ASSET_PATHS = "\"gomiApp-1207/Preview Content\"";
				DEVELOPMENT_TEAM = 7X9S244452;
				ENABLE_PREVIEWS = YES;
				GENERATE_INFOPLIST_FILE = YES;
				INFOPLIST_KEY_UIApplicationSceneManifest_Generation = YES;
				INFOPLIST_KEY_UIApplicationSupportsIndirectInputEvents = YES;
				INFOPLIST_KEY_UILaunchScreen_Generation = YES;
				INFOPLIST_KEY_UISupportedInterfaceOrientations_iPad = "UIInterfaceOrientationPortrait UIInterfaceOrientationPortraitUpsideDown UIInterfaceOrientationLandscapeLeft UIInterfaceOrientationLandscapeRight";
				INFOPLIST_KEY_UISupportedInterfaceOrientations_iPhone = "UIInterfaceOrientationPortrait UIInterfaceOrientationLandscapeLeft UIInterfaceOrientationLandscapeRight";
				LD_RUNPATH_SEARCH_PATHS = (
					"$(inherited)",
					"@executable_path/Frameworks",
				);
				MARKETING_VERSION = 1.0;
				PRODUCT_BUNDLE_IDENTIFIER = "com.mkondo.gomiApp-1207";
				PRODUCT_NAME = "$(TARGET_NAME)";
				SWIFT_EMIT_LOC_STRINGS = YES;
				SWIFT_VERSION = 5.0;
				TARGETED_DEVICE_FAMILY = "1,2";
			};
			name = Debug;
		};
		959E3D85294006050072E65F /* Release */ = {
			isa = XCBuildConfiguration;
			buildSettings = {
				ASSETCATALOG_COMPILER_APPICON_NAME = AppIcon;
				ASSETCATALOG_COMPILER_GLOBAL_ACCENT_COLOR_NAME = AccentColor;
				CODE_SIGN_STYLE = Automatic;
				CURRENT_PROJECT_VERSION = 1;
				DEVELOPMENT_ASSET_PATHS = "\"gomiApp-1207/Preview Content\"";
				DEVELOPMENT_TEAM = 7X9S244452;
				ENABLE_PREVIEWS = YES;
				GENERATE_INFOPLIST_FILE = YES;
				INFOPLIST_KEY_UIApplicationSceneManifest_Generation = YES;
				INFOPLIST_KEY_UIApplicationSupportsIndirectInputEvents = YES;
				INFOPLIST_KEY_UILaunchScreen_Generation = YES;
				INFOPLIST_KEY_UISupportedInterfaceOrientations_iPad = "UIInterfaceOrientationPortrait UIInterfaceOrientationPortraitUpsideDown UIInterfaceOrientationLandscapeLeft UIInterfaceOrientationLandscapeRight";
				INFOPLIST_KEY_UISupportedInterfaceOrientations_iPhone = "UIInterfaceOrientationPortrait UIInterfaceOrientationLandscapeLeft UIInterfaceOrientationLandscapeRight";
				LD_RUNPATH_SEARCH_PATHS = (
					"$(inherited)",
					"@executable_path/Frameworks",
				);
				MARKETING_VERSION = 1.0;
				PRODUCT_BUNDLE_IDENTIFIER = "com.mkondo.gomiApp-1207";
				PRODUCT_NAME = "$(TARGET_NAME)";
				SWIFT_EMIT_LOC_STRINGS = YES;
				SWIFT_VERSION = 5.0;
				TARGETED_DEVICE_FAMILY = "1,2";
			};
			name = Release;
		};
		959E3D87294006050072E65F /* Debug */ = {
			isa = XCBuildConfiguration;
			buildSettings = {
				ALWAYS_EMBED_SWIFT_STANDARD_LIBRARIES = YES;
				BUNDLE_LOADER = "$(TEST_HOST)";
				CODE_SIGN_STYLE = Automatic;
				CURRENT_PROJECT_VERSION = 1;
				DEVELOPMENT_TEAM = 7X9S244452;
				GENERATE_INFOPLIST_FILE = YES;
				IPHONEOS_DEPLOYMENT_TARGET = 16.1;
				MARKETING_VERSION = 1.0;
				PRODUCT_BUNDLE_IDENTIFIER = "com.mkondo.gomiApp-1207Tests";
				PRODUCT_NAME = "$(TARGET_NAME)";
				SWIFT_EMIT_LOC_STRINGS = NO;
				SWIFT_VERSION = 5.0;
				TARGETED_DEVICE_FAMILY = "1,2";
				TEST_HOST = "$(BUILT_PRODUCTS_DIR)/gomiApp-1207.app/$(BUNDLE_EXECUTABLE_FOLDER_PATH)/gomiApp-1207";
			};
			name = Debug;
		};
		959E3D88294006050072E65F /* Release */ = {
			isa = XCBuildConfiguration;
			buildSettings = {
				ALWAYS_EMBED_SWIFT_STANDARD_LIBRARIES = YES;
				BUNDLE_LOADER = "$(TEST_HOST)";
				CODE_SIGN_STYLE = Automatic;
				CURRENT_PROJECT_VERSION = 1;
				DEVELOPMENT_TEAM = 7X9S244452;
				GENERATE_INFOPLIST_FILE = YES;
				IPHONEOS_DEPLOYMENT_TARGET = 16.1;
				MARKETING_VERSION = 1.0;
				PRODUCT_BUNDLE_IDENTIFIER = "com.mkondo.gomiApp-1207Tests";
				PRODUCT_NAME = "$(TARGET_NAME)";
				SWIFT_EMIT_LOC_STRINGS = NO;
				SWIFT_VERSION = 5.0;
				TARGETED_DEVICE_FAMILY = "1,2";
				TEST_HOST = "$(BUILT_PRODUCTS_DIR)/gomiApp-1207.app/$(BUNDLE_EXECUTABLE_FOLDER_PATH)/gomiApp-1207";
			};
			name = Release;
		};
		959E3D8A294006050072E65F /* Debug */ = {
			isa = XCBuildConfiguration;
			buildSettings = {
				ALWAYS_EMBED_SWIFT_STANDARD_LIBRARIES = YES;
				CODE_SIGN_STYLE = Automatic;
				CURRENT_PROJECT_VERSION = 1;
				DEVELOPMENT_TEAM = 7X9S244452;
				GENERATE_INFOPLIST_FILE = YES;
				MARKETING_VERSION = 1.0;
				PRODUCT_BUNDLE_IDENTIFIER = "com.mkondo.gomiApp-1207UITests";
				PRODUCT_NAME = "$(TARGET_NAME)";
				SWIFT_EMIT_LOC_STRINGS = NO;
				SWIFT_VERSION = 5.0;
				TARGETED_DEVICE_FAMILY = "1,2";
				TEST_TARGET_NAME = "gomiApp-1207";
			};
			name = Debug;
		};
		959E3D8B294006050072E65F /* Release */ = {
			isa = XCBuildConfiguration;
			buildSettings = {
				ALWAYS_EMBED_SWIFT_STANDARD_LIBRARIES = YES;
				CODE_SIGN_STYLE = Automatic;
				CURRENT_PROJECT_VERSION = 1;
				DEVELOPMENT_TEAM = 7X9S244452;
				GENERATE_INFOPLIST_FILE = YES;
				MARKETING_VERSION = 1.0;
				PRODUCT_BUNDLE_IDENTIFIER = "com.mkondo.gomiApp-1207UITests";
				PRODUCT_NAME = "$(TARGET_NAME)";
				SWIFT_EMIT_LOC_STRINGS = NO;
				SWIFT_VERSION = 5.0;
				TARGETED_DEVICE_FAMILY = "1,2";
				TEST_TARGET_NAME = "gomiApp-1207";
			};
			name = Release;
		};
/* End XCBuildConfiguration section */

/* Begin XCConfigurationList section */
		959E3D5A294006030072E65F /* Build configuration list for PBXProject "gomiApp-1207" */ = {
			isa = XCConfigurationList;
			buildConfigurations = (
				959E3D81294006050072E65F /* Debug */,
				959E3D82294006050072E65F /* Release */,
			);
			defaultConfigurationIsVisible = 0;
			defaultConfigurationName = Release;
		};
		959E3D83294006050072E65F /* Build configuration list for PBXNativeTarget "gomiApp-1207" */ = {
			isa = XCConfigurationList;
			buildConfigurations = (
				959E3D84294006050072E65F /* Debug */,
				959E3D85294006050072E65F /* Release */,
			);
			defaultConfigurationIsVisible = 0;
			defaultConfigurationName = Release;
		};
		959E3D86294006050072E65F /* Build configuration list for PBXNativeTarget "gomiApp-1207Tests" */ = {
			isa = XCConfigurationList;
			buildConfigurations = (
				959E3D87294006050072E65F /* Debug */,
				959E3D88294006050072E65F /* Release */,
			);
			defaultConfigurationIsVisible = 0;
			defaultConfigurationName = Release;
		};
		959E3D89294006050072E65F /* Build configuration list for PBXNativeTarget "gomiApp-1207UITests" */ = {
			isa = XCConfigurationList;
			buildConfigurations = (
				959E3D8A294006050072E65F /* Debug */,
				959E3D8B294006050072E65F /* Release */,
			);
			defaultConfigurationIsVisible = 0;
			defaultConfigurationName = Release;
		};
/* End XCConfigurationList section */
	};
	rootObject = 959E3D57294006030072E65F /* Project object */;
}
